{
  "nodes": {
    "cl-boundary-kit": {
      "flake": false,
      "locked": {
        "lastModified": 1785657708,
        "narHash": "sha256-DieHj+VkI/S98vflHzfLZgJgATJGePT7QS9ElQkpiGU=",
        "owner": "nerima-lisp",
        "repo": "cl-boundary-kit",
        "rev": "9d85a1530ae6b1be3a6e83173b1c7d7817e2d203",
        "type": "github"
      },
      "original": {
        "owner": "nerima-lisp",
        "ref": "v2.0.1",
        "repo": "cl-boundary-kit",
        "type": "github"
      }
    },
    "cl-cc": {
      "flake": false,
      "locked": {
        "lastModified": 1786972317,
        "narHash": "sha256-RZ0NvI92ra7wWx241uQ2ihbE+Xu++cR8f7/Q02f1Iao=",
        "owner": "nerima-lisp",
        "repo": "cl-cc",
        "rev": "ce67ffd62647985cf72947b34075d8b20a351d0e",
        "type": "github"
      },
      "original": {
        "owner": "nerima-lisp",
        "repo": "cl-cc",
        "rev": "ce67ffd62647985cf72947b34075d8b20a351d0e",
        "type": "github"
      }
    },
    "cl-cc-ast": {
      "flake": false,
      "locked": {
        "lastModified": 1785484061,
        "narHash": "sha256-UkonaEkOJr6SDHcu9vooVqY5X3kWK0+9vYps1K2sMhg=",
        "owner": "nerima-lisp",
        "repo": "cl-cc-ast",
        "rev": "25375954dd13037d608b8e427a6dd86588207153",
        "type": "github"
      },
      "original": {
        "owner": "nerima-lisp",
        "ref": "v0.2.0",
        "repo": "cl-cc-ast",
        "type": "github"
      }
    },
    "cl-cc-binary": {
      "flake": false,
      "locked": {
        "lastModified": 1785473747,
        "narHash": "sha256-H60dHCE2Pv4mm4yeNT+KABCUb8knJ3i/YgCV2oM3Piw=",
        "owner": "nerima-lisp",
        "repo": "cl-cc-binary",
        "rev": "6ca146c188f779d22746a35c1a526d52dbb1b983",
        "type": "github"
      },
      "original": {
        "owner": "nerima-lisp",
        "ref": "v0.2.0",
        "repo": "cl-cc-binary",
        "type": "github"
      }
    },
    "cl-cc-bootstrap": {
      "flake": false,
      "locked": {
        "lastModified": 1786993824,
        "narHash": "sha256-cob17nI1Fwq0yvbUEqA4f6qNcAlTRwmAMxP8GZcE8HQ=",
        "owner": "nerima-lisp",
        "repo": "cl-cc-bootstrap",
        "rev": "88d61be01658bc247ae2889cb08f1e7c6c2c9b33",
        "type": "github"
      },
      "original": {
        "owner": "nerima-lisp",
        "repo": "cl-cc-bootstrap",
        "rev": "88d61be01658bc247ae2889cb08f1e7c6c2c9b33",
        "type": "github"
      }
    },
    "cl-cc-codegen-native": {
      "flake": false,
      "locked": {
        "lastModified": 1785502408,
        "narHash": "sha256-zZ5b3Ovuu2aNjeQyUuoixUp5Ww4W33+WtJLKkYoXik4=",
        "owner": "nerima-lisp",
        "repo": "cl-cc-codegen-native",
        "rev": "90dd6aefe0757388da775a682a1a8e60990568a0",
        "type": "github"
      },
      "original": {
        "owner": "nerima-lisp",
        "ref": "v0.2.0",
        "repo": "cl-cc-codegen-native",
        "type": "github"
      }
    },
    "cl-cc-cps": {
      "flake": false,
      "locked": {
        "lastModified": 1785575449,
        "narHash": "sha256-0Co8OVzZOgd4whUmMjYLY/MvCZXce7IEuv/lplBMfF4=",
        "owner": "nerima-lisp",
        "repo": "cl-cc-cps",
        "rev": "7ff8044c8cfe0b6d4cbd2023ba10be78cdb6cbc1",
        "type": "github"
      },
      "original": {
        "owner": "nerima-lisp",
        "ref": "v0.1.0",
        "repo": "cl-cc-cps",
        "type": "github"
      }
    },
    "cl-cc-expand": {
      "flake": false,
      "locked": {
        "lastModified": 1786147602,
        "narHash": "sha256-NmawkBvbAIL6HlsJ4YVPJf++pHjyEp/2g7L57NIijbA=",
        "owner": "nerima-lisp",
        "repo": "cl-cc-expand",
        "rev": "df72247b33514740e604472edea208ebb31cf84a",
        "type": "github"
      },
      "original": {
        "owner": "nerima-lisp",
        "repo": "cl-cc-expand",
        "rev": "df72247b33514740e604472edea208ebb31cf84a",
        "type": "github"
      }
    },
    "cl-cc-mir": {
      "flake": false,
      "locked": {
        "lastModified": 1786372739,
        "narHash": "sha256-nZGCcEpK8YhM77eZwgwhOjPJ/g2NUFPK4dDUdrjHnKg=",
        "owner": "nerima-lisp",
        "repo": "cl-cc-mir",
        "rev": "663c4c01c800ca7e64d444c53204645173e84854",
        "type": "github"
      },
      "original": {
        "owner": "nerima-lisp",
        "repo": "cl-cc-mir",
        "rev": "663c4c01c800ca7e64d444c53204645173e84854",
        "type": "github"
      }
    },
    "cl-cc-optimize": {
      "flake": false,
      "locked": {
        "lastModified": 1786971492,
        "narHash": "sha256-vMtcOuQa8XG7coe+Lkh9UjVOwLnUPkI0pxNC40Dyukg=",
        "owner": "nerima-lisp",
        "repo": "cl-cc-optimize",
        "rev": "51c0db63ff125413568ec08c79e33dcf34f00fbf",
        "type": "github"
      },
      "original": {
        "owner": "nerima-lisp",
        "repo": "cl-cc-optimize",
        "rev": "51c0db63ff125413568ec08c79e33dcf34f00fbf",
        "type": "github"
      }
    },
    "cl-cc-parse": {
      "flake": false,
      "locked": {
        "lastModified": 1785095912,
        "narHash": "sha256-eAlz2VoCQC7hog6RPrLJGpXAx5mTW+sI+BLeQpJCAYA=",
        "owner": "nerima-lisp",
        "repo": "cl-cc-parse",
        "rev": "7316dd82137290082fa1fe03300d3aa388d84117",
        "type": "github"
      },
      "original": {
        "owner": "nerima-lisp",
        "ref": "v0.1.0",
        "repo": "cl-cc-parse",
        "type": "github"
      }
    },
    "cl-cc-runtime": {
      "flake": false,
      "locked": {
        "lastModified": 1786971526,
        "narHash": "sha256-6NRM+02corr9V+4nYm+MylG6Sf1E8FDaibyu5Pcc4/M=",
        "owner": "nerima-lisp",
        "repo": "cl-cc-runtime",
        "rev": "488a7788c707b384ba3ed4f877d5149e24bc178d",
        "type": "github"
      },
      "original": {
        "owner": "nerima-lisp",
        "repo": "cl-cc-runtime",
        "rev": "488a7788c707b384ba3ed4f877d5149e24bc178d",
        "type": "github"
      }
    },
    "cl-cc-type": {
      "flake": false,
      "locked": {
        "lastModified": 1785487710,
        "narHash": "sha256-oenA9WafiIt//qh7eV53h+lxKRNeZBXmtqZlw18AT2E=",
        "owner": "nerima-lisp",
        "repo": "cl-cc-type",
        "rev": "93200bdc24123940dc52b7f916d0cb8f0ebf0993",
        "type": "github"
      },
      "original": {
        "owner": "nerima-lisp",
        "ref": "v0.2.0",
        "repo": "cl-cc-type",
        "type": "github"
      }
    },
    "cl-cc-vm": {
      "flake": false,
      "locked": {
        "lastModified": 1786372763,
        "narHash": "sha256-izbY5i+pIfy7KhOiFJj2buKXYYHNI5AXh8wJqCB7uQo=",
        "owner": "nerima-lisp",
        "repo": "cl-cc-vm",
        "rev": "8634a8e8764fb7d4419b173db38a927638ac4b44",
        "type": "github"
      },
      "original": {
        "owner": "nerima-lisp",
        "repo": "cl-cc-vm",
        "rev": "8634a8e8764fb7d4419b173db38a927638ac4b44",
        "type": "github"
      }
    },
    "cl-cli": {
      "flake": false,
      "locked": {
        "lastModified": 1785655973,
        "narHash": "sha256-cNmbSsw2GwKNGkD8OEh4ZLw8vRv9pU4a13uKWgbQlXU=",
        "owner": "nerima-lisp",
        "repo": "cl-cli",
        "rev": "80b1433f5e09331bbf57b133e2f0ed9e38d443bc",
        "type": "github"
      },
      "original": {
        "owner": "nerima-lisp",
        "ref": "v1.2.0",
        "repo": "cl-cli",
        "type": "github"
      }
    },
    "cl-codec-kit": {
      "flake": false,
      "locked": {
        "lastModified": 1785920269,
        "narHash": "sha256-gdpeurD7tMtJdk5X87I9v/cDWHvkplaWHAeVUMCkyFU=",
        "owner": "nerima-lisp",
        "repo": "cl-codec-kit",
        "rev": "e30be513f5f8e936e968ff8d7910f43ef986ba6f",
        "type": "github"
      },
      "original": {
        "owner": "nerima-lisp",
        "ref": "v0.5.0",
        "repo": "cl-codec-kit",
        "type": "github"
      }
    },
    "cl-concurrent-kit": {
      "flake": false,
      "locked": {
        "lastModified": 1785663008,
        "narHash": "sha256-zChJOROZOumc4lxpigU9Zqvt4TL1roJK+5F8buyZbtw=",
        "owner": "nerima-lisp",
        "repo": "cl-concurrent-kit",
        "rev": "85f015330b3acf4ca4566cf9e8eb72c571611b26",
        "type": "github"
      },
      "original": {
        "owner": "nerima-lisp",
        "ref": "v0.3.0",
        "repo": "cl-concurrent-kit",
        "type": "github"
      }
    },
    "cl-dataflow-kit": {
      "flake": false,
      "locked": {
        "lastModified": 1786949793,
        "narHash": "sha256-26KT1QL7KJ2soRppDDoYwgXyzLKOZjPu0Un0eJBL5M4=",
        "owner": "nerima-lisp",
        "repo": "cl-dataflow-kit",
        "rev": "c4770c3b757bc40a9d5ecfc5de53871ec5da26c8",
        "type": "github"
      },
      "original": {
        "owner": "nerima-lisp",
        "ref": "v1.2.0",
        "repo": "cl-dataflow-kit",
        "type": "github"
      }
    },
    "cl-date-kit": {
      "flake": false,
      "locked": {
        "lastModified": 1785429368,
        "narHash": "sha256-gHRCkMGrq/ZBeNS6Stx8nvx5brNi5P1sRzzN4nGwwTo=",
        "owner": "nerima-lisp",
        "repo": "cl-date-kit",
        "rev": "b0d9cb2f978a0c1ccfd1450ec6c10a33a9b2c858",
        "type": "github"
      },
      "original": {
        "owner": "nerima-lisp",
        "ref": "v0.2.0",
        "repo": "cl-date-kit",
        "type": "github"
      }
    },
    "cl-host-kit": {
      "flake": false,
      "locked": {
        "lastModified": 1785662299,
        "narHash": "sha256-XzvvQ6MsRFYQNYe757mIbzSlBUy8l6Jv0aReFpuxPyo=",
        "owner": "nerima-lisp",
        "repo": "cl-host-kit",
        "rev": "7dc003d5ba176080796d775f6c8c4f75a5d56107",
        "type": "github"
      },
      "original": {
        "owner": "nerima-lisp",
        "ref": "v0.2.5",
        "repo": "cl-host-kit",
        "type": "github"
      }
    },
    "cl-json-kit": {
      "flake": false,
      "locked": {
        "lastModified": 1785654907,
        "narHash": "sha256-f9mh/oRlKmkEjx3x6sflSyofi9+ixAnCKrHO6xMpIgY=",
        "owner": "nerima-lisp",
        "repo": "cl-json-kit",
        "rev": "8fac6689685c03a9da18bf99db973278b2620cf7",
        "type": "github"
      },
      "original": {
        "owner": "nerima-lisp",
        "ref": "v1.0.2",
        "repo": "cl-json-kit",
        "type": "github"
      }
    },
    "cl-log-kit": {
      "flake": false,
      "locked": {
        "lastModified": 1785658987,
        "narHash": "sha256-O7Ja+BmbXQXYZs8/c1EaHyWK+NBkPWMR9NkGx+hLsAw=",
        "owner": "nerima-lisp",
        "repo": "cl-log-kit",
        "rev": "c4986211b742520663c39db7bdfabee8645969ff",
        "type": "github"
      },
      "original": {
        "owner": "nerima-lisp",
        "ref": "v2.0.1",
        "repo": "cl-log-kit",
        "type": "github"
      }
    },
    "cl-nix-forge": {
      "inputs": {
        "nixpkgs": [
          "nixpkgs"
        ],
        "treefmt-nix": "treefmt-nix"
      },
      "locked": {
        "lastModified": 1785825792,
        "narHash": "sha256-FjpTPYXj5BINxpgFbNqKQgeB6p/ANR/1N8T4lSHS7kU=",
        "owner": "nerima-lisp",
        "repo": "cl-nix-forge",
        "rev": "df1e772cda1efcdb90297b49ca1a25b396b8bdd7",
        "type": "github"
      },
      "original": {
        "owner": "nerima-lisp",
        "ref": "v0.5.0",
        "repo": "cl-nix-forge",
        "type": "github"
      }
    },
    "cl-parser-kit": {
      "flake": false,
      "locked": {
        "lastModified": 1785656543,
        "narHash": "sha256-VhN+gWAo594jpg350TrBgp//bJQRDOtDNYIa1zB144U=",
        "owner": "nerima-lisp",
        "repo": "cl-parser-kit",
        "rev": "b887d3b053d24df4568fcff2f3e3ee47d839db22",
        "type": "github"
      },
      "original": {
        "owner": "nerima-lisp",
        "ref": "v1.0.3",
        "repo": "cl-parser-kit",
        "type": "github"
      }
    },
    "cl-process-kit": {
      "flake": false,
      "locked": {
        "lastModified": 1786979456,
        "narHash": "sha256-C7UvR9S0s2z8yM9fXg9FAWMUu8UIPIIp6kxHa9Lq6d8=",
        "owner": "nerima-lisp",
        "repo": "cl-process-kit",
        "rev": "07ddd1adb6fd94f7fe81197150bdef5b3793b459",
        "type": "github"
      },
      "original": {
        "owner": "nerima-lisp",
        "repo": "cl-process-kit",
        "rev": "07ddd1adb6fd94f7fe81197150bdef5b3793b459",
        "type": "github"
      }
    },
    "cl-prolog-kit": {
      "flake": false,
      "locked": {
        "lastModified": 1786948477,
        "narHash": "sha256-3qn9W1Jmbxnr0Si77J7Klo26oX/zjgBVwb5ye74NsTY=",
        "owner": "nerima-lisp",
        "repo": "cl-prolog-kit",
        "rev": "239368e1001bc3a8576d45770c9e91da11515d09",
        "type": "github"
      },
      "original": {
        "owner": "nerima-lisp",
        "ref": "v1.5.0",
        "repo": "cl-prolog-kit",
        "type": "github"
      }
    },
    "cl-regex-kit": {
      "flake": false,
      "locked": {
        "lastModified": 1786517019,
        "narHash": "sha256-l8Yv7qmf+1VCTjEQ1RQCtV3HFztLiKdM5OMs08jaIjA=",
        "owner": "nerima-lisp",
        "repo": "cl-regex-kit",
        "rev": "308375445bafcafdbc32d2347154d13ee765c4c4",
        "type": "github"
      },
      "original": {
        "owner": "nerima-lisp",
        "ref": "v2.0.0",
        "repo": "cl-regex-kit",
        "type": "github"
      }
    },
    "cl-tty-kit": {
      "flake": false,
      "locked": {
        "lastModified": 1785660128,
        "narHash": "sha256-AxapnzmyyQslpebFltmN9Qsbx0ojnT0todJV6C/5zVM=",
        "owner": "nerima-lisp",
        "repo": "cl-tty-kit",
        "rev": "f9fbaa0e6d28a58b1084966f7f10f45ab5b0ada2",
        "type": "github"
      },
      "original": {
        "owner": "nerima-lisp",
        "ref": "v1.2.0",
        "repo": "cl-tty-kit",
        "type": "github"
      }
    },
    "cl-weave": {
      "flake": false,
      "locked": {
        "lastModified": 1785662484,
        "narHash": "sha256-GFChZBI8RbOnov3WCTT2jw0H/kBqYK0ig6i7ltzjnyU=",
        "owner": "nerima-lisp",
        "repo": "cl-weave",
        "rev": "a8a094226480b92a3789e7e48a2af5faa2e36326",
        "type": "github"
      },
      "original": {
        "owner": "nerima-lisp",
        "ref": "v1.1.4",
        "repo": "cl-weave",
        "type": "github"
      }
    },
    "crane": {
      "locked": {
        "lastModified": 1784564969,
        "narHash": "sha256-TkTWNhJV/8Wk3czlbz4bwHZkFCaCHPsOy+oJe4PUiXg=",
        "owner": "ipetkov",
        "repo": "crane",
        "rev": "7930f6c291de6f83c257839d434592aa085f290a",
        "type": "github"
      },
      "original": {
        "owner": "ipetkov",
        "repo": "crane",
        "type": "github"
      }
    },
    "nixpkgs": {
      "locked": {
        "lastModified": 1785571196,
        "narHash": "sha256-KoTsyMQqnXQZq8deCEnu4QkyldkwH/bpMMhUcfMdGIw=",
        "owner": "NixOS",
        "repo": "nixpkgs",
        "rev": "148bab9c1c3c53136ecb44a6ea356a0ed5b39b06",
        "type": "github"
      },
      "original": {
        "owner": "NixOS",
        "ref": "nixos-unstable",
        "repo": "nixpkgs",
        "type": "github"
      }
    },
    "paredit-cli": {
      "inputs": {
        "crane": "crane",
        "nixpkgs": [
          "nixpkgs"
        ],
        "rust-overlay": "rust-overlay",
        "treefmt-nix": "treefmt-nix_2"
      },
      "locked": {
        "lastModified": 1785644478,
        "narHash": "sha256-kqu9BDf8JqVe+Qo08ahOOuqpbqSto5RlQRhHoKw40d8=",
        "owner": "nerima-lisp",
        "repo": "paredit-cli",
        "rev": "9f8db23ddd496ef6773e040454832eeafc60aeea",
        "type": "github"
      },
      "original": {
        "owner": "nerima-lisp",
        "ref": "v1.4.0",
        "repo": "paredit-cli",
        "type": "github"
      }
    },
    "root": {
      "inputs": {
        "cl-boundary-kit": "cl-boundary-kit",
        "cl-cc": "cl-cc",
        "cl-cc-ast": "cl-cc-ast",
        "cl-cc-binary": "cl-cc-binary",
        "cl-cc-bootstrap": "cl-cc-bootstrap",
        "cl-cc-codegen-native": "cl-cc-codegen-native",
        "cl-cc-cps": "cl-cc-cps",
        "cl-cc-expand": "cl-cc-expand",
        "cl-cc-mir": "cl-cc-mir",
        "cl-cc-optimize": "cl-cc-optimize",
        "cl-cc-parse": "cl-cc-parse",
        "cl-cc-runtime": "cl-cc-runtime",
        "cl-cc-type": "cl-cc-type",
        "cl-cc-vm": "cl-cc-vm",
        "cl-cli": "cl-cli",
        "cl-codec-kit": "cl-codec-kit",
        "cl-concurrent-kit": "cl-concurrent-kit",
        "cl-dataflow-kit": "cl-dataflow-kit",
        "cl-date-kit": "cl-date-kit",
        "cl-host-kit": "cl-host-kit",
        "cl-json-kit": "cl-json-kit",
        "cl-log-kit": "cl-log-kit",
        "cl-nix-forge": "cl-nix-forge",
        "cl-parser-kit": "cl-parser-kit",
        "cl-process-kit": "cl-process-kit",
        "cl-prolog-kit": "cl-prolog-kit",
        "cl-regex-kit": "cl-regex-kit",
        "cl-tty-kit": "cl-tty-kit",
        "cl-weave": "cl-weave",
        "nixpkgs": "nixpkgs",
        "paredit-cli": "paredit-cli",
        "treefmt-nix": "treefmt-nix_3"
      }
    },
    "rust-overlay": {
      "inputs": {
        "nixpkgs": [
          "paredit-cli",
          "nixpkgs"
        ]
      },
      "locked": {
        "lastModified": 1783663825,
        "narHash": "sha256-TTrNVoFdEw8j0Hn+shP1KAsimTmszTWBIIUliTaAuY0=",
        "owner": "oxalica",
        "repo": "rust-overlay",
        "rev": "072adf9b18936c1062c48123a9b77891d5968f2c",
        "type": "github"
      },
      "original": {
        "owner": "oxalica",
        "repo": "rust-overlay",
        "type": "github"
      }
    },
    "treefmt-nix": {
      "inputs": {
        "nixpkgs": [
          "cl-nix-forge",
          "nixpkgs"
        ]
      },
      "locked": {
        "lastModified": 1785360170,
        "narHash": "sha256-XE1lKgQ3eIO3E7zWryqcRsax+mYXod/5RHBn4YaR9YE=",
        "owner": "numtide",
        "repo": "treefmt-nix",
        "rev": "d1187f8bc71fb8aab02395869ec3f5c1920f75c0",
        "type": "github"
      },
      "original": {
        "owner": "numtide",
        "repo": "treefmt-nix",
        "type": "github"
      }
    },
    "treefmt-nix_2": {
      "inputs": {
        "nixpkgs": [
          "paredit-cli",
          "nixpkgs"
        ]
      },
      "locked": {
        "lastModified": 1780220602,
        "narHash": "sha256-eynAfOmbmxJnkp7YewvCEbShNnnYJ9gLLqkzsYtBPeM=",
        "owner": "numtide",
        "repo": "treefmt-nix",
        "rev": "db947814a175b7ca6ded66e21383d938df01c227",
        "type": "github"
      },
      "original": {
        "owner": "numtide",
        "repo": "treefmt-nix",
        "type": "github"
      }
    },
    "treefmt-nix_3": {
      "inputs": {
        "nixpkgs": [
          "nixpkgs"
        ]
      },
      "locked": {
        "lastModified": 1785360170,
        "narHash": "sha256-XE1lKgQ3eIO3E7zWryqcRsax+mYXod/5RHBn4YaR9YE=",
        "owner": "numtide",
        "repo": "treefmt-nix",
        "rev": "d1187f8bc71fb8aab02395869ec3f5c1920f75c0",
        "type": "github"
      },
      "original": {
        "owner": "numtide",
        "repo": "treefmt-nix",
        "type": "github"
      }
    }
  },
  "root": "root",
  "version": 7
}
